Microsoft Visual Studio Solution File, Format Version 12.00
# Visual Studio Version 17
VisualStudioVersion = 17.5.2.0
MinimumVisualStudioVersion = 10.0.40219.1
Project("{FAE04EC0-301F-11D3-BF4B-00C04F79EFBC}") = "Consumere", "Consumere\Consumere.csproj", "{2B80C8B1-2B5C-81C8-A1F2-5A452268FB9B}"
EndProject
Project("{FAE04EC0-301F-11D3-BF4B-00C04F79EFBC}") = "Publisher", "Publisher\Publisher.csproj", "{7994E19D-9123-B30C-C2C6-0BAF8CAFDFF2}"
EndProject
Global
	GlobalSection(SolutionConfigurationPlatforms) = preSolution
		Debug|Any CPU = Debug|Any CPU
		Release|Any CPU = Release|Any CPU
	EndGlobalSection
	GlobalSection(ProjectConfigurationPlatforms) = postSolution
		{2B80C8B1-2B5C-81C8-A1F2-5A452268FB9B}.Debug|Any CPU.ActiveCfg = Debug|Any CPU
		{2B80C8B1-2B5C-81C8-A1F2-5A452268FB9B}.Debug|Any CPU.Build.0 = Debug|Any CPU
		{2B80C8B1-2B5C-81C8-A1F2-5A452268FB9B}.Release|Any CPU.ActiveCfg = Release|Any CPU
		{2B80C8B1-2B5C-81C8-A1F2-5A452268FB9B}.Release|Any CPU.Build.0 = Release|Any CPU
		{7994E19D-9123-B30C-C2C6-0BAF8CAFDFF2}.Debug|Any CPU.ActiveCfg = Debug|Any CPU
		{7994E19D-9123-B30C-C2C6-0BAF8CAFDFF2}.Debug|Any CPU.Build.0 = Debug|Any CPU
		{7994E19D-9123-B30C-C2C6-0BAF8CAFDFF2}.Release|Any CPU.ActiveCfg = Release|Any CPU
		{7994E19D-9123-B30C-C2C6-0BAF8CAFDFF2}.Release|Any CPU.Build.0 = Release|Any CPU
	EndGlobalSection
	GlobalSection(SolutionProperties) = preSolution
		HideSolutionNode = FALSE
	EndGlobalSection
	GlobalSection(ExtensibilityGlobals) = postSolution
		SolutionGuid = {E2B99CF1-D3A3-4692-AD50-7A39C0B56ACD}
	EndGlobalSection
EndGlobal
